
Microsoft Visual Studio Solution File, Format Version 12.00
# Visual Studio Version 17
VisualStudioVersion = 17.8.34330.188
MinimumVisualStudioVersion = 10.0.40219.1
Project("{FAE04EC0-301F-11D3-BF4B-00C04F79EFBC}") = "Project1", "Project1.csproj", "{A5F4FBCD-D326-4BBE-930E-267B87F55B3E}"
EndProject
Global
	GlobalSection(SolutionConfigurationPlatforms) = preSolution
		Debug|Any CPU = Debug|Any CPU
		Release|Any CPU = Release|Any CPU
	EndGlobalSection
	GlobalSection(ProjectConfigurationPlatforms) = postSolution
		{A5F4FBCD-D326-4BBE-930E-267B87F55B3E}.Debug|Any CPU.ActiveCfg = Debug|Any CPU
		{A5F4FBCD-D326-4BBE-930E-267B87F55B3E}.Debug|Any CPU.Build.0 = Debug|Any CPU
		{A5F4FBCD-D326-4BBE-930E-267B87F55B3E}.Release|Any CPU.ActiveCfg = Release|Any CPU
		{A5F4FBCD-D326-4BBE-930E-267B87F55B3E}.Release|Any CPU.Build.0 = Release|Any CPU
	EndGlobalSection
	GlobalSection(SolutionProperties) = preSolution
		HideSolutionNode = FALSE
	EndGlobalSection
	GlobalSection(ExtensibilityGlobals) = postSolution
		SolutionGuid = {B2E5F656-BC36-42A2-BFDB-7D4341528495}
	EndGlobalSection
EndGlobal
